
Microsoft Visual Studio Solution File, Format Version 12.00
# Visual Studio 2013
VisualStudioVersion = 12.0.31101.0
MinimumVisualStudioVersion = 10.0.40219.1
Project("{8BC9CEB8-8B4A-11D0-8D11-00A0C91BC942}") = "Cloudberry", "Cloudberry\Cloudberry.vcxproj", "{295079E1-FD71-4962-A612-FBA0CD45D74F}"
EndProject
Project("{2150E333-8FDC-42A3-9474-1A3956D46DE8}") = "Solution Items", "Solution Items", "{7439A0FE-3191-40F6-BEAA-00013429202D}"
	ProjectSection(SolutionItems) = preProject
		Language.md = Language.md
		README.md = README.md
	EndProjectSection
EndProject
Global
	GlobalSection(SolutionConfigurationPlatforms) = preSolution
		Debug|Win32 = Debug|Win32
		Release|Win32 = Release|Win32
	EndGlobalSection
	GlobalSection(ProjectConfigurationPlatforms) = postSolution
		{295079E1-FD71-4962-A612-FBA0CD45D74F}.Debug|Win32.ActiveCfg = Debug|Win32
		{295079E1-FD71-4962-A612-FBA0CD45D74F}.Debug|Win32.Build.0 = Debug|Win32
		{295079E1-FD71-4962-A612-FBA0CD45D74F}.Release|Win32.ActiveCfg = Release|Win32
		{295079E1-FD71-4962-A612-FBA0CD45D74F}.Release|Win32.Build.0 = Release|Win32
	EndGlobalSection
	GlobalSection(SolutionProperties) = preSolution
		HideSolutionNode = FALSE
	EndGlobalSection
EndGlobal
